<?xml version="1.0" encoding="utf-8"?>
<Project ToolsVersion="4.0" xmlns="http://schemas.microsoft.com/developer/msbuild/2003">
  <ItemGroup>
    <Filter Include="Source Files">
      <UniqueIdentifier>{4FC737F1-C7A5-4376-A066-2A32D752A2FF}</UniqueIdentifier>
      <Extensions>cpp;c;cc;cxx;c++;cppm;ixx;def;odl;idl;hpj;bat;asm;asmx</Extensions>
    </Filter>
    <Filter Include="Header Files">
      <UniqueIdentifier>{93995380-89BD-4b04-88EB-625FBE52EBFB}</UniqueIdentifier>
      <Extensions>h;hh;hpp;hxx;h++;hm;inl;inc;ipp;xsd</Extensions>
    </Filter>
    <Filter Include="Resource Files">
      <UniqueIdentifier>{67DA6AB6-F800-4c08-8B7A-83BB121AAD01}</UniqueIdentifier>
      <Extensions>rc;ico;cur;bmp;dlg;rc2;rct;bin;rgs;gif;jpg;jpeg;jpe;resx;tiff;tif;png;wav;mfcribbon-ms</Extensions>
    </Filter>
    <Filter Include="Header Files\Vectors">
      <UniqueIdentifier>{8f4049f5-9e92-40a5-8df7-c7b9f579b3bc}</UniqueIdentifier>
    </Filter>
    <Filter Include="Source Files\Vectors">
      <UniqueIdentifier>{ac3e8787-61bb-49be-8688-9f1c83975f87}</UniqueIdentifier>
    </Filter>
    <Filter Include="Header Files\Matrix">
      <UniqueIdentifier>{7f718dd2-cd6b-4f62-830e-59f527a57e82}</UniqueIdentifier>
    </Filter>
    <Filter Include="Header Files\Structures">
      <UniqueIdentifier>{9440c876-ce71-48ff-b8e5-91c63c2d8a05}</UniqueIdentifier>
    </Filter>
    <Filter Include="Source Files\Structures">
      <UniqueIdentifier>{d55d6229-f61a-46f4-a114-6cbf1cb2b441}</UniqueIdentifier>
    </Filter>
    <Filter Include="Header Files\Miscellaneous">
      <UniqueIdentifier>{cd29ef42-28cf-4a85-9963-6f6cb80f0e85}</UniqueIdentifier>
    </Filter>
    <Filter Include="Header Files\Memory">
      <UniqueIdentifier>{30da1f18-1efa-46bb-afef-94c43305906f}</UniqueIdentifier>
    </Filter>
    <Filter Include="Source Files\Memory">
      <UniqueIdentifier>{96449b89-74ab-4b4e-a4e7-c4ca67d1f8d7}</UniqueIdentifier>
    </Filter>
  </ItemGroup>
  <ItemGroup>
    <ClCompile Include="source\EngineMathLib.cpp">
      <Filter>Source Files</Filter>
    </ClCompile>
    <ClCompile Include="source\Structures.cpp">
      <Filter>Source Files\Structures</Filter>
    </ClCompile>
    <ClCompile Include="source\Memory.cpp">
      <Filter>Source Files\Memory</Filter>
    </ClCompile>
    <ClCompile Include="source\MemoryExample1.cpp">
      <Filter>Source Files\Memory</Filter>
    </ClCompile>
  </ItemGroup>
  <ItemGroup>
    <ClInclude Include="include\Matrix\Matrix2x2.h">
      <Filter>Header Files\Matrix</Filter>
    </ClInclude>
    <ClInclude Include="include\Matrix\Matrix3x3.h">
      <Filter>Header Files\Matrix</Filter>
    </ClInclude>
    <ClInclude Include="include\Matrix\Matrix4x4.h">
      <Filter>Header Files\Matrix</Filter>
    </ClInclude>
    <ClInclude Include="include\Utilities\EngineMath.h">
      <Filter>Header Files\Miscellaneous</Filter>
    </ClInclude>
    <ClInclude Include="include\Structures\TArray.h">
      <Filter>Header Files\Structures</Filter>
    </ClInclude>
    <ClInclude Include="include\Structures\TMap.h">
      <Filter>Header Files\Structures</Filter>
    </ClInclude>
    <ClInclude Include="include\Structures\TPair.h">
      <Filter>Header Files\Structures</Filter>
    </ClInclude>
    <ClInclude Include="include\Structures\TSet.h">
      <Filter>Header Files\Structures</Filter>
    </ClInclude>
    <ClInclude Include="include\Vectors\Quaternion.h">
      <Filter>Header Files\Vectors</Filter>
    </ClInclude>
    <ClInclude Include="include\Vectors\Vector2.h">
      <Filter>Header Files\Vectors</Filter>
    </ClInclude>
    <ClInclude Include="include\Vectors\Vector3.h">
      <Filter>Header Files\Vectors</Filter>
    </ClInclude>
    <ClInclude Include="include\Vectors\Vector4.h">
      <Filter>Header Files\Vectors</Filter>
    </ClInclude>
    <ClInclude Include="include\Memory\TSharedPointer.h">
      <Filter>Header Files\Memory</Filter>
    </ClInclude>
    <ClInclude Include="include\Memory\TUniquePtr.h">
      <Filter>Header Files\Memory</Filter>
    </ClInclude>
    <ClInclude Include="include\Memory\TStaticPtr.h">
      <Filter>Header Files\Memory</Filter>
    </ClInclude>
    <ClInclude Include="include\Memory\TWeakPointer.h">
      <Filter>Header Files\Memory</Filter>
    </ClInclude>
  </ItemGroup>
</Project>